dependencies:
  esp_hardware_discovery:
    component_hash: 16f8e1a08e27a3cf2ec56a71a626b19452197a614a3f184ae66577ab818d32af
    dependencies:
    - name: idf
      version: '>=5.2.0'
    source:
      git: https://github.com/ptudor/esp32-hardware-discovery.git
      path: .
      type: git
    targets:
    - esp32
    - esp32s2
    - esp32s3
    - esp32c2
    - esp32c3
    - esp32c6
    - esp32h2
    version: 5d7e533734c35a6256c1f70a4875ff4cd495b392
  idf:
    source:
      type: idf
    version: 5.5.4
direct_dependencies:
- esp_hardware_discovery
manifest_hash: 72ab0d8748b4265cc0f2a61365a41359346ec869fd90c1b62bb08a4f17fc53ca
target: esp32c6
version: 2.0.0
