dependencies:
  esp_hardware_discovery:
    component_hash: a04b55820bb2d9a947272f269b3bce4d1cd06858bc534437c34da7c434f95aa7
    dependencies:
    - name: idf
      version: '>=5.2.0'
    source:
      git: https://github.com/ptudor/esp32-hardware-discovery.git
      path: .
      type: git
    targets:
    - esp32
    - esp32s2
    - esp32s3
    - esp32c2
    - esp32c3
    - esp32c6
    - esp32h2
    version: d17045a51bc9629442f087c785e3ab07e67fe192
  esphome/libsodium:
    component_hash: 860ef0c4c58b57e5c83f9396cbfb9b664cea8c457fc1baf447518079a3da4207
    dependencies: []
    source:
      registry_url: https://components.espressif.com
      type: service
    version: 1.10021.11
  esphome/wireguard:
    component_hash: dc76a4b613ca3ceb0eddeb5b011d5a8bcdde021c07f58259b0133417e5002a9c
    dependencies:
    - name: esphome/libsodium
      registry_url: https://components.espressif.com
      require: private
      version: ^1.10021.1
    source:
      registry_url: https://components.espressif.com/
      type: service
    version: 0.4.6
  idf:
    source:
      type: idf
    version: 5.5.4
direct_dependencies:
- esp_hardware_discovery
- esphome/wireguard
manifest_hash: 63138b05eda1c0f2716c6c10a3cca839aea1743e3125196f14fa0187653977df
target: esp32s3
version: 2.0.0
