dependencies:
  esp_hardware_discovery:
    component_hash: 13558a43071f706a25e294795dcfd68259de757502795f8b963ba707df4384e2
    dependencies:
    - name: idf
      version: '>=5.2.0'
    source:
      git: https://github.com/ptudor/esp32-hardware-discovery.git
      path: .
      type: git
    targets:
    - esp32
    - esp32s2
    - esp32s3
    - esp32c2
    - esp32c3
    - esp32c6
    - esp32h2
    version: 351a5ff5840e3f3253dc9be08701529ce4e5955e
  esphome/libsodium:
    component_hash: 860ef0c4c58b57e5c83f9396cbfb9b664cea8c457fc1baf447518079a3da4207
    dependencies: []
    source:
      registry_url: https://components.espressif.com
      type: service
    version: 1.10021.11
  esphome/wireguard:
    component_hash: dc76a4b613ca3ceb0eddeb5b011d5a8bcdde021c07f58259b0133417e5002a9c
    dependencies:
    - name: esphome/libsodium
      registry_url: https://components.espressif.com
      require: private
      version: ^1.10021.1
    source:
      registry_url: https://components.espressif.com/
      type: service
    version: 0.4.6
  idf:
    source:
      type: idf
    version: 5.5.4
direct_dependencies:
- esp_hardware_discovery
- esphome/wireguard
manifest_hash: 9af54855dd166928733cb1351170f013d01aae9e9035deaf38eefc550e17b4d8
target: esp32s3
version: 2.0.0
